
Microsoft Visual Studio Solution File, Format Version 12.00
# Visual Studio Version 17
VisualStudioVersion = 17.14.36310.24
MinimumVisualStudioVersion = 10.0.40219.1
Project("{2150E333-8FDC-42A3-9474-1A3956D46DE8}") = "src", "src", "{02EA681E-C7D8-13C7-8484-4AC65E1B71E8}"
EndProject
Project("{2150E333-8FDC-42A3-9474-1A3956D46DE8}") = "test", "test", "{61C6F9B4-102C-4C88-8479-F33E99B2F7F1}"
EndProject
Project("{FAE04EC0-301F-11D3-BF4B-00C04F79EFBC}") = "CafeFlow.AuthenticationService", "src\CafeFlow.AuthenticationService\CafeFlow.AuthenticationService\CafeFlow.AuthenticationService.csproj", "{E86D79B3-321E-4245-B233-390BCCB78520}"
EndProject
Project("{2150E333-8FDC-42A3-9474-1A3956D46DE8}") = "Framework", "Framework", "{BB61E38C-8869-4361-80AF-EFD6A050CC3C}"
EndProject
Project("{FAE04EC0-301F-11D3-BF4B-00C04F79EFBC}") = "CafeFlow.Framework", "Framework\CafeFlow\CafeFlow.Framework.csproj", "{61BD1385-23ED-4D08-AB79-EB5EF4E8C99D}"
EndProject
Project("{FAE04EC0-301F-11D3-BF4B-00C04F79EFBC}") = "CafeFlow.NotificationService", "src\CafeFlow.NotificationService\CafeFlow.NotificationService.csproj", "{1533D009-A235-424A-83F4-21128B48E72E}"
EndProject
Project("{2150E333-8FDC-42A3-9474-1A3956D46DE8}") = "CafeFlow.CustomerService", "CafeFlow.CustomerService", "{50FC5C7B-ACFB-41FB-8977-60B9936B056C}"
EndProject
Project("{2150E333-8FDC-42A3-9474-1A3956D46DE8}") = "01_CustomerService.Domain", "01_CustomerService.Domain", "{7F681F58-1C15-4E13-B91D-62B41824BBC4}"
EndProject
Project("{2150E333-8FDC-42A3-9474-1A3956D46DE8}") = "02_CustomerService.Persistance", "02_CustomerService.Persistance", "{4005AA4D-DDCC-4F89-8B16-DA7C82366882}"
EndProject
Project("{FAE04EC0-301F-11D3-BF4B-00C04F79EFBC}") = "CustomerService.AppDomain", "src\CafeFlow.CustomerService\CustomerService.Domain\CustomerService.AppDomain\CustomerService.AppDomain.csproj", "{FC63D8D3-27DB-4BCD-BC9D-A57A077C1EE6}"
EndProject
Project("{2150E333-8FDC-42A3-9474-1A3956D46DE8}") = "CafeFlow.CafeService", "CafeFlow.CafeService", "{23217F76-76E6-4A7F-9754-D64A2288314B}"
EndProject
Project("{2150E333-8FDC-42A3-9474-1A3956D46DE8}") = "01_CafeService.Domain", "01_CafeService.Domain", "{66CE4784-2111-4DCF-895D-BB43EEA7A1CC}"
EndProject
Project("{2150E333-8FDC-42A3-9474-1A3956D46DE8}") = "02_CafeService.Persistance", "02_CafeService.Persistance", "{D632CB29-EBBB-4B29-987D-6DED6C59FCCE}"
EndProject
Project("{2150E333-8FDC-42A3-9474-1A3956D46DE8}") = "03_CafeService.AppService", "03_CafeService.AppService", "{3EA7592B-C2F5-44F1-BFB0-8221DB5AD519}"
EndProject
Project("{2150E333-8FDC-42A3-9474-1A3956D46DE8}") = "05_CafeService.Presentation", "05_CafeService.Presentation", "{C1892AF8-77A6-404B-918D-8C96AFF2B860}"
EndProject
Project("{FAE04EC0-301F-11D3-BF4B-00C04F79EFBC}") = "CafeService.AppDomain", "src\CafeFlow.CafeService\01_CafeService.Domain\CafeService.AppDomain\CafeService.AppDomain.csproj", "{5C7464D4-BE86-4B98-BFC5-860384C95992}"
EndProject
Project("{FAE04EC0-301F-11D3-BF4B-00C04F79EFBC}") = "CefeService.WebApiApp", "src\CafeFlow.CafeService\05_CafeService.Presentation\CafeSrvice.WebApi\CefeService.WebApiApp\CefeService.WebApiApp.csproj", "{3C2FDDF7-182A-412F-9005-E34EBEA4C049}"
EndProject
Project("{FAE04EC0-301F-11D3-BF4B-00C04F79EFBC}") = "CafeService.AppService", "src\CafeFlow.CafeService\03_CafeService.AppService\CafeService.AppService\CafeService.AppService.csproj", "{D6379C8D-00AE-497F-95BF-9FC8B914E7E3}"
EndProject
Project("{2150E333-8FDC-42A3-9474-1A3956D46DE8}") = "CafeService.DataAccess", "CafeService.DataAccess", "{EA2CC28A-BE21-491E-94FB-AD8255127586}"
EndProject
Project("{2150E333-8FDC-42A3-9474-1A3956D46DE8}") = "CafeService.Repos", "CafeService.Repos", "{3897F24B-844C-4CD7-A754-C89E9D1A06F9}"
EndProject
Project("{2150E333-8FDC-42A3-9474-1A3956D46DE8}") = "CafeService.CommandRepo", "CafeService.CommandRepo", "{26BC457A-2025-43AC-92A1-E8D7F0056722}"
EndProject
Project("{2150E333-8FDC-42A3-9474-1A3956D46DE8}") = "CafeService.QueryRepo", "CafeService.QueryRepo", "{B4FCB941-AA34-406D-BFD2-CD795E14B879}"
EndProject
Project("{FAE04EC0-301F-11D3-BF4B-00C04F79EFBC}") = "CafeService.QueryRepositories", "src\CafeFlow.CafeService\02_CafeService.Persistance\CafeService.Repos\CafeService.QueryRepos\CafeService.QueryRepositories\CafeService.QueryRepositories.csproj", "{BDD927DE-E8F2-4A88-99D2-789C6ACF359C}"
EndProject
Project("{FAE04EC0-301F-11D3-BF4B-00C04F79EFBC}") = "CafeService.CommandRepository", "src\CafeFlow.CafeService\02_CafeService.Persistance\CafeService.Repos\CafeService.CommandRepo\CafeService.CommandRepository\CafeService.CommandRepository.csproj", "{D7412467-8985-4E75-929A-7FC037A6E1B7}"
EndProject
Project("{2150E333-8FDC-42A3-9474-1A3956D46DE8}") = "CafeService.CommandDatabase", "CafeService.CommandDatabase", "{9EA1809F-A2D7-458C-AAE2-57FE60BEC37F}"
EndProject
Project("{FAE04EC0-301F-11D3-BF4B-00C04F79EFBC}") = "CafeService.MongoDbApp", "src\CafeFlow.CafeService\02_CafeService.Persistance\CafeService.DataAccess\CafeService.CommandDataBase\CafeService.MongoDbApp\CafeService.MongoDbApp.csproj", "{02132D17-ED05-4615-B8F5-60A5E3B0C304}"
EndProject
Project("{2150E333-8FDC-42A3-9474-1A3956D46DE8}") = "04_CafeService.AppService.Contracts", "04_CafeService.AppService.Contracts", "{827DC4DF-AD87-4626-A140-90A146353BDB}"
EndProject
Project("{2150E333-8FDC-42A3-9474-1A3956D46DE8}") = "CafeService.AppService.Contracts", "CafeService.AppService.Contracts", "{D5477CAC-6D76-4B36-8A60-C6479F0AC6CD}"
EndProject
Project("{FAE04EC0-301F-11D3-BF4B-00C04F79EFBC}") = "CafeService.AppService.ContractsApp", "src\CafeFlow.CafeService\04_CafeService.AppService.Contracts\CafeService.AppService.Contracts\CafeService.AppService.ContractsApp\CafeService.AppService.ContractsApp.csproj", "{0674B8F7-D386-4DFD-B8E7-E3453D605324}"
EndProject
Project("{2150E333-8FDC-42A3-9474-1A3956D46DE8}") = "CafeService.QueriesDatabase", "CafeService.QueriesDatabase", "{0F0A6E3A-D538-433F-B61F-B5C9F12B08EA}"
EndProject
Project("{FAE04EC0-301F-11D3-BF4B-00C04F79EFBC}") = "CafeService.QueriesDataBase", "src\CafeFlow.CafeService\02_CafeService.Persistance\CafeService.DataAccess\CafeService.QueriesDataBase\CafeService.QueriesDataBase\CafeService.QueriesDataBase.csproj", "{37ACEC58-0494-40DA-8F00-B8760B0BC6AE}"
EndProject
Project("{FAE04EC0-301F-11D3-BF4B-00C04F79EFBC}") = "CafeService.SqlServerDataBase", "src\CafeFlow.CafeService\02_CafeService.Persistance\CafeService.DataAccess\CafeService.CommandDataBase\CafeService.SqlServerDataBase\CafeService.SqlServerDataBase.csproj", "{B815C639-8E99-47C7-8C38-0C6E2892DBA9}"
EndProject
Project("{FAE04EC0-301F-11D3-BF4B-00C04F79EFBC}") = "CafeService.SqlCommandRepository", "src\CafeFlow.CafeService\02_CafeService.Persistance\CafeService.Repos\CafeService.CommandRepo\CafeService.SqlCommandRepository\CafeService.SqlCommandRepository.csproj", "{7C15FABA-96BA-4935-B566-64380B147568}"
EndProject
Project("{2150E333-8FDC-42A3-9474-1A3956D46DE8}") = "CustomerService.DataAccess", "CustomerService.DataAccess", "{ABD32FAA-C7E2-4812-B26E-65BAC554985D}"
EndProject
Project("{2150E333-8FDC-42A3-9474-1A3956D46DE8}") = "CustomerService.Repos", "CustomerService.Repos", "{D83ED7A3-8B75-42E6-906F-6C8EF131380F}"
EndProject
Project("{2150E333-8FDC-42A3-9474-1A3956D46DE8}") = "CustomerService.CommandDataBase", "CustomerService.CommandDataBase", "{9D4500DB-BEC2-4ECD-8BBA-9EA00ED40848}"
EndProject
Project("{2150E333-8FDC-42A3-9474-1A3956D46DE8}") = "CustomerService.QueriesDataBase", "CustomerService.QueriesDataBase", "{0045BF4B-F199-4702-B915-4D801775DD36}"
EndProject
Project("{FAE04EC0-301F-11D3-BF4B-00C04F79EFBC}") = "CafeService.SqlCommandDataBase", "src\CafeFlow.CustomerService\02_CustomerService.Persistance\CustomerService.DataAccess\CustomerService.CommandDataBase\CafeService.SqlCommandDataBase\CafeService.SqlCommandDataBase.csproj", "{BC8F155E-E41F-46E8-A1FD-5645E21DA05F}"
EndProject
Project("{FAE04EC0-301F-11D3-BF4B-00C04F79EFBC}") = "CustomerService.QueriesDataBase", "src\CafeFlow.CustomerService\02_CustomerService.Persistance\CustomerService.DataAccess\CustomerService.QueriesDataBase\CustomerService.QueriesDataBase\CustomerService.QueriesDataBase.csproj", "{4E7AA42F-8AB9-4FEF-B791-C0C6F5293C49}"
EndProject
Project("{FAE04EC0-301F-11D3-BF4B-00C04F79EFBC}") = "CommandRepositories", "src\CafeFlow.CustomerService\02_CustomerService.Persistance\CustomerService.Respository\CommandRepositories\CommandRepositories.csproj", "{46706AA1-856A-40EA-924D-6DB6E2351F49}"
EndProject
Project("{FAE04EC0-301F-11D3-BF4B-00C04F79EFBC}") = "QueriesRepositories", "src\CafeFlow.CustomerService\02_CustomerService.Persistance\CustomerService.Respository\QueriesRepositories\QueriesRepositories.csproj", "{8A283ED5-11DB-4994-86E3-B84798849D81}"
EndProject
Project("{FAE04EC0-301F-11D3-BF4B-00C04F79EFBC}") = "Contracts", "src\CafeFlow.CustomerService\04_CustomerService.Contracts\Contracts\Contracts.csproj", "{17F67B64-6D33-4799-BFE4-9FDD4AD3DB79}"
EndProject
Project("{2150E333-8FDC-42A3-9474-1A3956D46DE8}") = "04_CustomerService.Contracts", "04_CustomerService.Contracts", "{0BD72751-1C38-4A8F-A1D3-75F9A321D534}"
EndProject
Project("{2150E333-8FDC-42A3-9474-1A3956D46DE8}") = "03_CustomerService.AppService", "03_CustomerService.AppService", "{6D58A754-7F19-40B3-BEF0-80E4244549A0}"
EndProject
Project("{FAE04EC0-301F-11D3-BF4B-00C04F79EFBC}") = "CustomerService.AppService", "src\CafeFlow.CustomerService\03_CustomerService.AppService\CustomerService.AppService\CustomerService.AppService.csproj", "{3A3D8AE6-5FFE-4B5E-9418-8BD09375B043}"
EndProject
Project("{2150E333-8FDC-42A3-9474-1A3956D46DE8}") = "05_CustomerService.Presentation", "05_CustomerService.Presentation", "{1057AC0F-F710-4806-B2F2-F109F2BEBCD2}"
EndProject
Project("{FAE04EC0-301F-11D3-BF4B-00C04F79EFBC}") = "CustomerService.WebApiApp", "src\CafeFlow.CustomerService\05_CustomerService.Presentation\CustomerService.WebApiApp\CustomerService.WebApiApp.csproj", "{0C121FE2-1A50-4C1F-B912-58AD6DBA04D4}"
EndProject
Global
	GlobalSection(SolutionConfigurationPlatforms) = preSolution
		Debug|Any CPU = Debug|Any CPU
		Release|Any CPU = Release|Any CPU
	EndGlobalSection
	GlobalSection(ProjectConfigurationPlatforms) = postSolution
		{E86D79B3-321E-4245-B233-390BCCB78520}.Debug|Any CPU.ActiveCfg = Debug|Any CPU
		{E86D79B3-321E-4245-B233-390BCCB78520}.Debug|Any CPU.Build.0 = Debug|Any CPU
		{E86D79B3-321E-4245-B233-390BCCB78520}.Release|Any CPU.ActiveCfg = Release|Any CPU
		{E86D79B3-321E-4245-B233-390BCCB78520}.Release|Any CPU.Build.0 = Release|Any CPU
		{61BD1385-23ED-4D08-AB79-EB5EF4E8C99D}.Debug|Any CPU.ActiveCfg = Debug|Any CPU
		{61BD1385-23ED-4D08-AB79-EB5EF4E8C99D}.Debug|Any CPU.Build.0 = Debug|Any CPU
		{61BD1385-23ED-4D08-AB79-EB5EF4E8C99D}.Release|Any CPU.ActiveCfg = Release|Any CPU
		{61BD1385-23ED-4D08-AB79-EB5EF4E8C99D}.Release|Any CPU.Build.0 = Release|Any CPU
		{1533D009-A235-424A-83F4-21128B48E72E}.Debug|Any CPU.ActiveCfg = Debug|Any CPU
		{1533D009-A235-424A-83F4-21128B48E72E}.Debug|Any CPU.Build.0 = Debug|Any CPU
		{1533D009-A235-424A-83F4-21128B48E72E}.Release|Any CPU.ActiveCfg = Release|Any CPU
		{1533D009-A235-424A-83F4-21128B48E72E}.Release|Any CPU.Build.0 = Release|Any CPU
		{FC63D8D3-27DB-4BCD-BC9D-A57A077C1EE6}.Debug|Any CPU.ActiveCfg = Debug|Any CPU
		{FC63D8D3-27DB-4BCD-BC9D-A57A077C1EE6}.Debug|Any CPU.Build.0 = Debug|Any CPU
		{FC63D8D3-27DB-4BCD-BC9D-A57A077C1EE6}.Release|Any CPU.ActiveCfg = Release|Any CPU
		{FC63D8D3-27DB-4BCD-BC9D-A57A077C1EE6}.Release|Any CPU.Build.0 = Release|Any CPU
		{5C7464D4-BE86-4B98-BFC5-860384C95992}.Debug|Any CPU.ActiveCfg = Debug|Any CPU
		{5C7464D4-BE86-4B98-BFC5-860384C95992}.Debug|Any CPU.Build.0 = Debug|Any CPU
		{5C7464D4-BE86-4B98-BFC5-860384C95992}.Release|Any CPU.ActiveCfg = Release|Any CPU
		{5C7464D4-BE86-4B98-BFC5-860384C95992}.Release|Any CPU.Build.0 = Release|Any CPU
		{3C2FDDF7-182A-412F-9005-E34EBEA4C049}.Debug|Any CPU.ActiveCfg = Debug|Any CPU
		{3C2FDDF7-182A-412F-9005-E34EBEA4C049}.Debug|Any CPU.Build.0 = Debug|Any CPU
		{3C2FDDF7-182A-412F-9005-E34EBEA4C049}.Release|Any CPU.ActiveCfg = Release|Any CPU
		{3C2FDDF7-182A-412F-9005-E34EBEA4C049}.Release|Any CPU.Build.0 = Release|Any CPU
		{D6379C8D-00AE-497F-95BF-9FC8B914E7E3}.Debug|Any CPU.ActiveCfg = Debug|Any CPU
		{D6379C8D-00AE-497F-95BF-9FC8B914E7E3}.Debug|Any CPU.Build.0 = Debug|Any CPU
		{D6379C8D-00AE-497F-95BF-9FC8B914E7E3}.Release|Any CPU.ActiveCfg = Release|Any CPU
		{D6379C8D-00AE-497F-95BF-9FC8B914E7E3}.Release|Any CPU.Build.0 = Release|Any CPU
		{BDD927DE-E8F2-4A88-99D2-789C6ACF359C}.Debug|Any CPU.ActiveCfg = Debug|Any CPU
		{BDD927DE-E8F2-4A88-99D2-789C6ACF359C}.Debug|Any CPU.Build.0 = Debug|Any CPU
		{BDD927DE-E8F2-4A88-99D2-789C6ACF359C}.Release|Any CPU.ActiveCfg = Release|Any CPU
		{BDD927DE-E8F2-4A88-99D2-789C6ACF359C}.Release|Any CPU.Build.0 = Release|Any CPU
		{D7412467-8985-4E75-929A-7FC037A6E1B7}.Debug|Any CPU.ActiveCfg = Debug|Any CPU
		{D7412467-8985-4E75-929A-7FC037A6E1B7}.Debug|Any CPU.Build.0 = Debug|Any CPU
		{D7412467-8985-4E75-929A-7FC037A6E1B7}.Release|Any CPU.ActiveCfg = Release|Any CPU
		{D7412467-8985-4E75-929A-7FC037A6E1B7}.Release|Any CPU.Build.0 = Release|Any CPU
		{02132D17-ED05-4615-B8F5-60A5E3B0C304}.Debug|Any CPU.ActiveCfg = Debug|Any CPU
		{02132D17-ED05-4615-B8F5-60A5E3B0C304}.Debug|Any CPU.Build.0 = Debug|Any CPU
		{02132D17-ED05-4615-B8F5-60A5E3B0C304}.Release|Any CPU.ActiveCfg = Release|Any CPU
		{02132D17-ED05-4615-B8F5-60A5E3B0C304}.Release|Any CPU.Build.0 = Release|Any CPU
		{0674B8F7-D386-4DFD-B8E7-E3453D605324}.Debug|Any CPU.ActiveCfg = Debug|Any CPU
		{0674B8F7-D386-4DFD-B8E7-E3453D605324}.Debug|Any CPU.Build.0 = Debug|Any CPU
		{0674B8F7-D386-4DFD-B8E7-E3453D605324}.Release|Any CPU.ActiveCfg = Release|Any CPU
		{0674B8F7-D386-4DFD-B8E7-E3453D605324}.Release|Any CPU.Build.0 = Release|Any CPU
		{37ACEC58-0494-40DA-8F00-B8760B0BC6AE}.Debug|Any CPU.ActiveCfg = Debug|Any CPU
		{37ACEC58-0494-40DA-8F00-B8760B0BC6AE}.Debug|Any CPU.Build.0 = Debug|Any CPU
		{37ACEC58-0494-40DA-8F00-B8760B0BC6AE}.Release|Any CPU.ActiveCfg = Release|Any CPU
		{37ACEC58-0494-40DA-8F00-B8760B0BC6AE}.Release|Any CPU.Build.0 = Release|Any CPU
		{B815C639-8E99-47C7-8C38-0C6E2892DBA9}.Debug|Any CPU.ActiveCfg = Debug|Any CPU
		{B815C639-8E99-47C7-8C38-0C6E2892DBA9}.Debug|Any CPU.Build.0 = Debug|Any CPU
		{B815C639-8E99-47C7-8C38-0C6E2892DBA9}.Release|Any CPU.ActiveCfg = Release|Any CPU
		{B815C639-8E99-47C7-8C38-0C6E2892DBA9}.Release|Any CPU.Build.0 = Release|Any CPU
		{7C15FABA-96BA-4935-B566-64380B147568}.Debug|Any CPU.ActiveCfg = Debug|Any CPU
		{7C15FABA-96BA-4935-B566-64380B147568}.Debug|Any CPU.Build.0 = Debug|Any CPU
		{7C15FABA-96BA-4935-B566-64380B147568}.Release|Any CPU.ActiveCfg = Release|Any CPU
		{7C15FABA-96BA-4935-B566-64380B147568}.Release|Any CPU.Build.0 = Release|Any CPU
		{BC8F155E-E41F-46E8-A1FD-5645E21DA05F}.Debug|Any CPU.ActiveCfg = Debug|Any CPU
		{BC8F155E-E41F-46E8-A1FD-5645E21DA05F}.Debug|Any CPU.Build.0 = Debug|Any CPU
		{BC8F155E-E41F-46E8-A1FD-5645E21DA05F}.Release|Any CPU.ActiveCfg = Release|Any CPU
		{BC8F155E-E41F-46E8-A1FD-5645E21DA05F}.Release|Any CPU.Build.0 = Release|Any CPU
		{4E7AA42F-8AB9-4FEF-B791-C0C6F5293C49}.Debug|Any CPU.ActiveCfg = Debug|Any CPU
		{4E7AA42F-8AB9-4FEF-B791-C0C6F5293C49}.Debug|Any CPU.Build.0 = Debug|Any CPU
		{4E7AA42F-8AB9-4FEF-B791-C0C6F5293C49}.Release|Any CPU.ActiveCfg = Release|Any CPU
		{4E7AA42F-8AB9-4FEF-B791-C0C6F5293C49}.Release|Any CPU.Build.0 = Release|Any CPU
		{46706AA1-856A-40EA-924D-6DB6E2351F49}.Debug|Any CPU.ActiveCfg = Debug|Any CPU
		{46706AA1-856A-40EA-924D-6DB6E2351F49}.Debug|Any CPU.Build.0 = Debug|Any CPU
		{46706AA1-856A-40EA-924D-6DB6E2351F49}.Release|Any CPU.ActiveCfg = Release|Any CPU
		{46706AA1-856A-40EA-924D-6DB6E2351F49}.Release|Any CPU.Build.0 = Release|Any CPU
		{8A283ED5-11DB-4994-86E3-B84798849D81}.Debug|Any CPU.ActiveCfg = Debug|Any CPU
		{8A283ED5-11DB-4994-86E3-B84798849D81}.Debug|Any CPU.Build.0 = Debug|Any CPU
		{8A283ED5-11DB-4994-86E3-B84798849D81}.Release|Any CPU.ActiveCfg = Release|Any CPU
		{8A283ED5-11DB-4994-86E3-B84798849D81}.Release|Any CPU.Build.0 = Release|Any CPU
		{17F67B64-6D33-4799-BFE4-9FDD4AD3DB79}.Debug|Any CPU.ActiveCfg = Debug|Any CPU
		{17F67B64-6D33-4799-BFE4-9FDD4AD3DB79}.Debug|Any CPU.Build.0 = Debug|Any CPU
		{17F67B64-6D33-4799-BFE4-9FDD4AD3DB79}.Release|Any CPU.ActiveCfg = Release|Any CPU
		{17F67B64-6D33-4799-BFE4-9FDD4AD3DB79}.Release|Any CPU.Build.0 = Release|Any CPU
		{3A3D8AE6-5FFE-4B5E-9418-8BD09375B043}.Debug|Any CPU.ActiveCfg = Debug|Any CPU
		{3A3D8AE6-5FFE-4B5E-9418-8BD09375B043}.Debug|Any CPU.Build.0 = Debug|Any CPU
		{3A3D8AE6-5FFE-4B5E-9418-8BD09375B043}.Release|Any CPU.ActiveCfg = Release|Any CPU
		{3A3D8AE6-5FFE-4B5E-9418-8BD09375B043}.Release|Any CPU.Build.0 = Release|Any CPU
		{0C121FE2-1A50-4C1F-B912-58AD6DBA04D4}.Debug|Any CPU.ActiveCfg = Debug|Any CPU
		{0C121FE2-1A50-4C1F-B912-58AD6DBA04D4}.Debug|Any CPU.Build.0 = Debug|Any CPU
		{0C121FE2-1A50-4C1F-B912-58AD6DBA04D4}.Release|Any CPU.ActiveCfg = Release|Any CPU
		{0C121FE2-1A50-4C1F-B912-58AD6DBA04D4}.Release|Any CPU.Build.0 = Release|Any CPU
	EndGlobalSection
	GlobalSection(SolutionProperties) = preSolution
		HideSolutionNode = FALSE
	EndGlobalSection
	GlobalSection(NestedProjects) = preSolution
		{E86D79B3-321E-4245-B233-390BCCB78520} = {02EA681E-C7D8-13C7-8484-4AC65E1B71E8}
		{61BD1385-23ED-4D08-AB79-EB5EF4E8C99D} = {BB61E38C-8869-4361-80AF-EFD6A050CC3C}
		{1533D009-A235-424A-83F4-21128B48E72E} = {02EA681E-C7D8-13C7-8484-4AC65E1B71E8}
		{50FC5C7B-ACFB-41FB-8977-60B9936B056C} = {02EA681E-C7D8-13C7-8484-4AC65E1B71E8}
		{7F681F58-1C15-4E13-B91D-62B41824BBC4} = {50FC5C7B-ACFB-41FB-8977-60B9936B056C}
		{4005AA4D-DDCC-4F89-8B16-DA7C82366882} = {50FC5C7B-ACFB-41FB-8977-60B9936B056C}
		{FC63D8D3-27DB-4BCD-BC9D-A57A077C1EE6} = {7F681F58-1C15-4E13-B91D-62B41824BBC4}
		{23217F76-76E6-4A7F-9754-D64A2288314B} = {02EA681E-C7D8-13C7-8484-4AC65E1B71E8}
		{66CE4784-2111-4DCF-895D-BB43EEA7A1CC} = {23217F76-76E6-4A7F-9754-D64A2288314B}
		{D632CB29-EBBB-4B29-987D-6DED6C59FCCE} = {23217F76-76E6-4A7F-9754-D64A2288314B}
		{3EA7592B-C2F5-44F1-BFB0-8221DB5AD519} = {23217F76-76E6-4A7F-9754-D64A2288314B}
		{C1892AF8-77A6-404B-918D-8C96AFF2B860} = {23217F76-76E6-4A7F-9754-D64A2288314B}
		{5C7464D4-BE86-4B98-BFC5-860384C95992} = {66CE4784-2111-4DCF-895D-BB43EEA7A1CC}
		{3C2FDDF7-182A-412F-9005-E34EBEA4C049} = {C1892AF8-77A6-404B-918D-8C96AFF2B860}
		{D6379C8D-00AE-497F-95BF-9FC8B914E7E3} = {3EA7592B-C2F5-44F1-BFB0-8221DB5AD519}
		{EA2CC28A-BE21-491E-94FB-AD8255127586} = {D632CB29-EBBB-4B29-987D-6DED6C59FCCE}
		{3897F24B-844C-4CD7-A754-C89E9D1A06F9} = {D632CB29-EBBB-4B29-987D-6DED6C59FCCE}
		{26BC457A-2025-43AC-92A1-E8D7F0056722} = {3897F24B-844C-4CD7-A754-C89E9D1A06F9}
		{B4FCB941-AA34-406D-BFD2-CD795E14B879} = {3897F24B-844C-4CD7-A754-C89E9D1A06F9}
		{BDD927DE-E8F2-4A88-99D2-789C6ACF359C} = {B4FCB941-AA34-406D-BFD2-CD795E14B879}
		{D7412467-8985-4E75-929A-7FC037A6E1B7} = {26BC457A-2025-43AC-92A1-E8D7F0056722}
		{9EA1809F-A2D7-458C-AAE2-57FE60BEC37F} = {EA2CC28A-BE21-491E-94FB-AD8255127586}
		{02132D17-ED05-4615-B8F5-60A5E3B0C304} = {9EA1809F-A2D7-458C-AAE2-57FE60BEC37F}
		{827DC4DF-AD87-4626-A140-90A146353BDB} = {23217F76-76E6-4A7F-9754-D64A2288314B}
		{D5477CAC-6D76-4B36-8A60-C6479F0AC6CD} = {827DC4DF-AD87-4626-A140-90A146353BDB}
		{0674B8F7-D386-4DFD-B8E7-E3453D605324} = {D5477CAC-6D76-4B36-8A60-C6479F0AC6CD}
		{0F0A6E3A-D538-433F-B61F-B5C9F12B08EA} = {EA2CC28A-BE21-491E-94FB-AD8255127586}
		{37ACEC58-0494-40DA-8F00-B8760B0BC6AE} = {0F0A6E3A-D538-433F-B61F-B5C9F12B08EA}
		{B815C639-8E99-47C7-8C38-0C6E2892DBA9} = {9EA1809F-A2D7-458C-AAE2-57FE60BEC37F}
		{7C15FABA-96BA-4935-B566-64380B147568} = {26BC457A-2025-43AC-92A1-E8D7F0056722}
		{ABD32FAA-C7E2-4812-B26E-65BAC554985D} = {4005AA4D-DDCC-4F89-8B16-DA7C82366882}
		{D83ED7A3-8B75-42E6-906F-6C8EF131380F} = {4005AA4D-DDCC-4F89-8B16-DA7C82366882}
		{9D4500DB-BEC2-4ECD-8BBA-9EA00ED40848} = {ABD32FAA-C7E2-4812-B26E-65BAC554985D}
		{0045BF4B-F199-4702-B915-4D801775DD36} = {ABD32FAA-C7E2-4812-B26E-65BAC554985D}
		{BC8F155E-E41F-46E8-A1FD-5645E21DA05F} = {9D4500DB-BEC2-4ECD-8BBA-9EA00ED40848}
		{4E7AA42F-8AB9-4FEF-B791-C0C6F5293C49} = {0045BF4B-F199-4702-B915-4D801775DD36}
		{46706AA1-856A-40EA-924D-6DB6E2351F49} = {D83ED7A3-8B75-42E6-906F-6C8EF131380F}
		{8A283ED5-11DB-4994-86E3-B84798849D81} = {D83ED7A3-8B75-42E6-906F-6C8EF131380F}
		{0BD72751-1C38-4A8F-A1D3-75F9A321D534} = {50FC5C7B-ACFB-41FB-8977-60B9936B056C}
		{17F67B64-6D33-4799-BFE4-9FDD4AD3DB79} = {0BD72751-1C38-4A8F-A1D3-75F9A321D534}
		{6D58A754-7F19-40B3-BEF0-80E4244549A0} = {50FC5C7B-ACFB-41FB-8977-60B9936B056C}
		{3A3D8AE6-5FFE-4B5E-9418-8BD09375B043} = {6D58A754-7F19-40B3-BEF0-80E4244549A0}
		{1057AC0F-F710-4806-B2F2-F109F2BEBCD2} = {50FC5C7B-ACFB-41FB-8977-60B9936B056C}
		{0C121FE2-1A50-4C1F-B912-58AD6DBA04D4} = {1057AC0F-F710-4806-B2F2-F109F2BEBCD2}
	EndGlobalSection
	GlobalSection(ExtensibilityGlobals) = postSolution
		SolutionGuid = {8489AF63-7C42-4F8F-AB66-40FF5077597B}
	EndGlobalSection
EndGlobal
