
Microsoft Visual Studio Solution File, Format Version 12.00
# Visual Studio Version 17
VisualStudioVersion = 17.14.36310.24
MinimumVisualStudioVersion = 10.0.40219.1
Project("{2150E333-8FDC-42A3-9474-1A3956D46DE8}") = "src", "src", "{02EA681E-C7D8-13C7-8484-4AC65E1B71E8}"
EndProject
Project("{2150E333-8FDC-42A3-9474-1A3956D46DE8}") = "test", "test", "{61C6F9B4-102C-4C88-8479-F33E99B2F7F1}"
EndProject
Project("{FAE04EC0-301F-11D3-BF4B-00C04F79EFBC}") = "CafeFlow.AuthenticationService", "src\CafeFlow.AuthenticationService\CafeFlow.AuthenticationService\CafeFlow.AuthenticationService.csproj", "{E86D79B3-321E-4245-B233-390BCCB78520}"
EndProject
Project("{2150E333-8FDC-42A3-9474-1A3956D46DE8}") = "Framework", "Framework", "{BB61E38C-8869-4361-80AF-EFD6A050CC3C}"
EndProject
Project("{FAE04EC0-301F-11D3-BF4B-00C04F79EFBC}") = "CafeFlow.Framework", "Framework\CafeFlow\CafeFlow.Framework.csproj", "{61BD1385-23ED-4D08-AB79-EB5EF4E8C99D}"
EndProject
Project("{FAE04EC0-301F-11D3-BF4B-00C04F79EFBC}") = "CafeFlow.NotificationService", "CafeFlow.NotificationService\CafeFlow.NotificationService.csproj", "{1533D009-A235-424A-83F4-21128B48E72E}"
EndProject
Global
	GlobalSection(SolutionConfigurationPlatforms) = preSolution
		Debug|Any CPU = Debug|Any CPU
		Release|Any CPU = Release|Any CPU
	EndGlobalSection
	GlobalSection(ProjectConfigurationPlatforms) = postSolution
		{E86D79B3-321E-4245-B233-390BCCB78520}.Debug|Any CPU.ActiveCfg = Debug|Any CPU
		{E86D79B3-321E-4245-B233-390BCCB78520}.Debug|Any CPU.Build.0 = Debug|Any CPU
		{E86D79B3-321E-4245-B233-390BCCB78520}.Release|Any CPU.ActiveCfg = Release|Any CPU
		{E86D79B3-321E-4245-B233-390BCCB78520}.Release|Any CPU.Build.0 = Release|Any CPU
		{61BD1385-23ED-4D08-AB79-EB5EF4E8C99D}.Debug|Any CPU.ActiveCfg = Debug|Any CPU
		{61BD1385-23ED-4D08-AB79-EB5EF4E8C99D}.Debug|Any CPU.Build.0 = Debug|Any CPU
		{61BD1385-23ED-4D08-AB79-EB5EF4E8C99D}.Release|Any CPU.ActiveCfg = Release|Any CPU
		{61BD1385-23ED-4D08-AB79-EB5EF4E8C99D}.Release|Any CPU.Build.0 = Release|Any CPU
		{1533D009-A235-424A-83F4-21128B48E72E}.Debug|Any CPU.ActiveCfg = Debug|Any CPU
		{1533D009-A235-424A-83F4-21128B48E72E}.Debug|Any CPU.Build.0 = Debug|Any CPU
		{1533D009-A235-424A-83F4-21128B48E72E}.Release|Any CPU.ActiveCfg = Release|Any CPU
		{1533D009-A235-424A-83F4-21128B48E72E}.Release|Any CPU.Build.0 = Release|Any CPU
	EndGlobalSection
	GlobalSection(SolutionProperties) = preSolution
		HideSolutionNode = FALSE
	EndGlobalSection
	GlobalSection(NestedProjects) = preSolution
		{E86D79B3-321E-4245-B233-390BCCB78520} = {02EA681E-C7D8-13C7-8484-4AC65E1B71E8}
		{61BD1385-23ED-4D08-AB79-EB5EF4E8C99D} = {BB61E38C-8869-4361-80AF-EFD6A050CC3C}
		{1533D009-A235-424A-83F4-21128B48E72E} = {02EA681E-C7D8-13C7-8484-4AC65E1B71E8}
	EndGlobalSection
	GlobalSection(ExtensibilityGlobals) = postSolution
		SolutionGuid = {8489AF63-7C42-4F8F-AB66-40FF5077597B}
	EndGlobalSection
EndGlobal
